﻿
Microsoft Visual Studio Solution File, Format Version 12.00
Project("{2150E333-8FDC-42A3-9474-1A3956D46DE8}") = "src", "src", "{342966C6-F6CE-42FB-AA76-6F49D3E84A94}"
EndProject
Project("{FAE04EC0-301F-11D3-BF4B-00C04F79EFBC}") = "Diksy.Translation", "src\Diksy.Translation\Diksy.Translation.csproj", "{EBC53501-C1CF-4CAC-ACE6-88E1B62EAC4A}"
EndProject
Project("{FAE04EC0-301F-11D3-BF4B-00C04F79EFBC}") = "Diksy.Translation.OpenAI", "src\Diksy.Translation.OpenAI\Diksy.Translation.OpenAI.csproj", "{0EBDA861-C15E-45B5-B096-997994488154}"
EndProject
Project("{FAE04EC0-301F-11D3-BF4B-00C04F79EFBC}") = "Diksy.WebApi", "src\Diksy.WebApi\Diksy.WebApi.csproj", "{F32F570E-B159-44F3-B5F2-E16E7ED4DAB6}"
EndProject
Project("{2150E333-8FDC-42A3-9474-1A3956D46DE8}") = "tests", "tests", "{DEC4E3F7-A1EE-49CA-8E57-5FC7EE543A0F}"
EndProject
Project("{FAE04EC0-301F-11D3-BF4B-00C04F79EFBC}") = "Diksy.Translation.OpenAI.UnitTests", "tests\Diksy.Translation.OpenAI.UnitTests\Diksy.Translation.OpenAI.UnitTests.csproj", "{3D6A4D1B-61ED-4E11-8CBA-5E311BCE13A9}"
EndProject
Project("{FAE04EC0-301F-11D3-BF4B-00C04F79EFBC}") = "Diksy.WebApi.UnitTests", "tests\Diksy.WebApi.UnitTests\Diksy.WebApi.UnitTests.csproj", "{20C92461-AA3D-44F7-A4CA-A12FF251E316}"
EndProject
Global
	GlobalSection(SolutionConfigurationPlatforms) = preSolution
		Debug|Any CPU = Debug|Any CPU
		Release|Any CPU = Release|Any CPU
	EndGlobalSection
	GlobalSection(SolutionProperties) = preSolution
		HideSolutionNode = FALSE
	EndGlobalSection
	GlobalSection(ProjectConfigurationPlatforms) = postSolution
		{EBC53501-C1CF-4CAC-ACE6-88E1B62EAC4A}.Debug|Any CPU.ActiveCfg = Debug|Any CPU
		{EBC53501-C1CF-4CAC-ACE6-88E1B62EAC4A}.Debug|Any CPU.Build.0 = Debug|Any CPU
		{EBC53501-C1CF-4CAC-ACE6-88E1B62EAC4A}.Release|Any CPU.ActiveCfg = Release|Any CPU
		{EBC53501-C1CF-4CAC-ACE6-88E1B62EAC4A}.Release|Any CPU.Build.0 = Release|Any CPU
		{0EBDA861-C15E-45B5-B096-997994488154}.Debug|Any CPU.ActiveCfg = Debug|Any CPU
		{0EBDA861-C15E-45B5-B096-997994488154}.Debug|Any CPU.Build.0 = Debug|Any CPU
		{0EBDA861-C15E-45B5-B096-997994488154}.Release|Any CPU.ActiveCfg = Release|Any CPU
		{0EBDA861-C15E-45B5-B096-997994488154}.Release|Any CPU.Build.0 = Release|Any CPU
		{F32F570E-B159-44F3-B5F2-E16E7ED4DAB6}.Debug|Any CPU.ActiveCfg = Debug|Any CPU
		{F32F570E-B159-44F3-B5F2-E16E7ED4DAB6}.Debug|Any CPU.Build.0 = Debug|Any CPU
		{F32F570E-B159-44F3-B5F2-E16E7ED4DAB6}.Release|Any CPU.ActiveCfg = Release|Any CPU
		{F32F570E-B159-44F3-B5F2-E16E7ED4DAB6}.Release|Any CPU.Build.0 = Release|Any CPU
		{3D6A4D1B-61ED-4E11-8CBA-5E311BCE13A9}.Debug|Any CPU.ActiveCfg = Debug|Any CPU
		{3D6A4D1B-61ED-4E11-8CBA-5E311BCE13A9}.Debug|Any CPU.Build.0 = Debug|Any CPU
		{3D6A4D1B-61ED-4E11-8CBA-5E311BCE13A9}.Release|Any CPU.ActiveCfg = Release|Any CPU
		{3D6A4D1B-61ED-4E11-8CBA-5E311BCE13A9}.Release|Any CPU.Build.0 = Release|Any CPU
		{20C92461-AA3D-44F7-A4CA-A12FF251E316}.Debug|Any CPU.ActiveCfg = Debug|Any CPU
		{20C92461-AA3D-44F7-A4CA-A12FF251E316}.Debug|Any CPU.Build.0 = Debug|Any CPU
		{20C92461-AA3D-44F7-A4CA-A12FF251E316}.Release|Any CPU.ActiveCfg = Release|Any CPU
		{20C92461-AA3D-44F7-A4CA-A12FF251E316}.Release|Any CPU.Build.0 = Release|Any CPU
	EndGlobalSection
	GlobalSection(NestedProjects) = preSolution
		{EBC53501-C1CF-4CAC-ACE6-88E1B62EAC4A} = {342966C6-F6CE-42FB-AA76-6F49D3E84A94}
		{0EBDA861-C15E-45B5-B096-997994488154} = {342966C6-F6CE-42FB-AA76-6F49D3E84A94}
		{F32F570E-B159-44F3-B5F2-E16E7ED4DAB6} = {342966C6-F6CE-42FB-AA76-6F49D3E84A94}
		{3D6A4D1B-61ED-4E11-8CBA-5E311BCE13A9} = {DEC4E3F7-A1EE-49CA-8E57-5FC7EE543A0F}
		{20C92461-AA3D-44F7-A4CA-A12FF251E316} = {DEC4E3F7-A1EE-49CA-8E57-5FC7EE543A0F}
	EndGlobalSection
EndGlobal
